
Microsoft Visual Studio Solution File, Format Version 12.00
# Visual Studio Version 16
VisualStudioVersion = 16.0.31613.86
MinimumVisualStudioVersion = 10.0.40219.1
Project("{FAE04EC0-301F-11D3-BF4B-00C04F79EFBC}") = "ConsoleArgsParser", "ConsoleArgsParser\ConsoleArgsParser.csproj", "{63CA43A2-7C85-4349-82CC-1DD0F056166D}"
EndProject
Project("{FAE04EC0-301F-11D3-BF4B-00C04F79EFBC}") = "TestConsoleApp", "TestConsoleApp\TestConsoleApp.csproj", "{D79174C5-5A09-491F-8DCF-82A0B62C01EB}"
EndProject
Global
	GlobalSection(SolutionConfigurationPlatforms) = preSolution
		Debug|Any CPU = Debug|Any CPU
		Release|Any CPU = Release|Any CPU
	EndGlobalSection
	GlobalSection(ProjectConfigurationPlatforms) = postSolution
		{63CA43A2-7C85-4349-82CC-1DD0F056166D}.Debug|Any CPU.ActiveCfg = Debug|Any CPU
		{63CA43A2-7C85-4349-82CC-1DD0F056166D}.Debug|Any CPU.Build.0 = Debug|Any CPU
		{63CA43A2-7C85-4349-82CC-1DD0F056166D}.Release|Any CPU.ActiveCfg = Release|Any CPU
		{63CA43A2-7C85-4349-82CC-1DD0F056166D}.Release|Any CPU.Build.0 = Release|Any CPU
		{D79174C5-5A09-491F-8DCF-82A0B62C01EB}.Debug|Any CPU.ActiveCfg = Debug|Any CPU
		{D79174C5-5A09-491F-8DCF-82A0B62C01EB}.Debug|Any CPU.Build.0 = Debug|Any CPU
		{D79174C5-5A09-491F-8DCF-82A0B62C01EB}.Release|Any CPU.ActiveCfg = Release|Any CPU
		{D79174C5-5A09-491F-8DCF-82A0B62C01EB}.Release|Any CPU.Build.0 = Release|Any CPU
	EndGlobalSection
	GlobalSection(SolutionProperties) = preSolution
		HideSolutionNode = FALSE
	EndGlobalSection
	GlobalSection(ExtensibilityGlobals) = postSolution
		SolutionGuid = {2C0B1BFF-1B40-4C61-9FC8-53CAC69955C9}
	EndGlobalSection
EndGlobal
